
Microsoft Visual Studio Solution File, Format Version 12.00
# Visual Studio 15
VisualStudioVersion = 15.0.28307.1231
MinimumVisualStudioVersion = 10.0.40219.1
Project("{FAE04EC0-301F-11D3-BF4B-00C04F79EFBC}") = "WebMvc", "WebMvc\WebMvc.csproj", "{475D995A-FCBB-4264-96E3-FC0E9845BA72}"
EndProject
Project("{FAE04EC0-301F-11D3-BF4B-00C04F79EFBC}") = "DAL", "DAL\DAL.csproj", "{C940E764-1B77-40DB-9412-99E3F3C6C2C8}"
EndProject
Project("{FAE04EC0-301F-11D3-BF4B-00C04F79EFBC}") = "CFData", "CFData\CFData.csproj", "{D082E08F-3567-40AA-89BE-CBC64FCC84F8}"
EndProject
Project("{FAE04EC0-301F-11D3-BF4B-00C04F79EFBC}") = "Shared.Core.Data", "Shared.Core.Data\Shared.Core.Data.csproj", "{B6511DEC-EE95-4C61-8EA8-6D04D64BB473}"
EndProject
Project("{FAE04EC0-301F-11D3-BF4B-00C04F79EFBC}") = "ViewModel", "ViewModel\ViewModel.csproj", "{E330928F-041C-4872-8C0C-0FCF1A815181}"
EndProject
Project("{FAE04EC0-301F-11D3-BF4B-00C04F79EFBC}") = "Service", "Service\Service.csproj", "{12D8EE4C-C739-4B3D-8BA5-DB18B3BCC516}"
EndProject
Global
	GlobalSection(SolutionConfigurationPlatforms) = preSolution
		Debug|Any CPU = Debug|Any CPU
		Release|Any CPU = Release|Any CPU
	EndGlobalSection
	GlobalSection(ProjectConfigurationPlatforms) = postSolution
		{475D995A-FCBB-4264-96E3-FC0E9845BA72}.Debug|Any CPU.ActiveCfg = Debug|Any CPU
		{475D995A-FCBB-4264-96E3-FC0E9845BA72}.Debug|Any CPU.Build.0 = Debug|Any CPU
		{475D995A-FCBB-4264-96E3-FC0E9845BA72}.Release|Any CPU.ActiveCfg = Release|Any CPU
		{475D995A-FCBB-4264-96E3-FC0E9845BA72}.Release|Any CPU.Build.0 = Release|Any CPU
		{C940E764-1B77-40DB-9412-99E3F3C6C2C8}.Debug|Any CPU.ActiveCfg = Debug|Any CPU
		{C940E764-1B77-40DB-9412-99E3F3C6C2C8}.Debug|Any CPU.Build.0 = Debug|Any CPU
		{C940E764-1B77-40DB-9412-99E3F3C6C2C8}.Release|Any CPU.ActiveCfg = Release|Any CPU
		{C940E764-1B77-40DB-9412-99E3F3C6C2C8}.Release|Any CPU.Build.0 = Release|Any CPU
		{D082E08F-3567-40AA-89BE-CBC64FCC84F8}.Debug|Any CPU.ActiveCfg = Debug|Any CPU
		{D082E08F-3567-40AA-89BE-CBC64FCC84F8}.Debug|Any CPU.Build.0 = Debug|Any CPU
		{D082E08F-3567-40AA-89BE-CBC64FCC84F8}.Release|Any CPU.ActiveCfg = Release|Any CPU
		{D082E08F-3567-40AA-89BE-CBC64FCC84F8}.Release|Any CPU.Build.0 = Release|Any CPU
		{B6511DEC-EE95-4C61-8EA8-6D04D64BB473}.Debug|Any CPU.ActiveCfg = Debug|Any CPU
		{B6511DEC-EE95-4C61-8EA8-6D04D64BB473}.Debug|Any CPU.Build.0 = Debug|Any CPU
		{B6511DEC-EE95-4C61-8EA8-6D04D64BB473}.Release|Any CPU.ActiveCfg = Release|Any CPU
		{B6511DEC-EE95-4C61-8EA8-6D04D64BB473}.Release|Any CPU.Build.0 = Release|Any CPU
		{E330928F-041C-4872-8C0C-0FCF1A815181}.Debug|Any CPU.ActiveCfg = Debug|Any CPU
		{E330928F-041C-4872-8C0C-0FCF1A815181}.Debug|Any CPU.Build.0 = Debug|Any CPU
		{E330928F-041C-4872-8C0C-0FCF1A815181}.Release|Any CPU.ActiveCfg = Release|Any CPU
		{E330928F-041C-4872-8C0C-0FCF1A815181}.Release|Any CPU.Build.0 = Release|Any CPU
		{12D8EE4C-C739-4B3D-8BA5-DB18B3BCC516}.Debug|Any CPU.ActiveCfg = Debug|Any CPU
		{12D8EE4C-C739-4B3D-8BA5-DB18B3BCC516}.Debug|Any CPU.Build.0 = Debug|Any CPU
		{12D8EE4C-C739-4B3D-8BA5-DB18B3BCC516}.Release|Any CPU.ActiveCfg = Release|Any CPU
		{12D8EE4C-C739-4B3D-8BA5-DB18B3BCC516}.Release|Any CPU.Build.0 = Release|Any CPU
	EndGlobalSection
	GlobalSection(SolutionProperties) = preSolution
		HideSolutionNode = FALSE
	EndGlobalSection
	GlobalSection(ExtensibilityGlobals) = postSolution
		SolutionGuid = {DA2D401B-8E9F-4B7F-8F58-99CE768A9EA5}
	EndGlobalSection
EndGlobal
